
Microsoft Visual Studio Solution File, Format Version 12.00
# Visual Studio Version 17
VisualStudioVersion = 17.4.33205.214
MinimumVisualStudioVersion = 10.0.40219.1
Project("{9A19103F-16F7-4668-BE54-9A1E7A4F7556}") = "TurtleToast.Service", "Service\TurtleToast.Service.csproj", "{C31584B4-C829-42D1-8A32-66330C8048E0}"
EndProject
Project("{9A19103F-16F7-4668-BE54-9A1E7A4F7556}") = "TurtleToast.DemoApp", "DemoApp\TurtleToast.DemoApp.csproj", "{FF2E6FF8-2250-4B19-AD69-07A2C17BE954}"
EndProject
Global
	GlobalSection(SolutionConfigurationPlatforms) = preSolution
		Debug|Any CPU = Debug|Any CPU
		Release|Any CPU = Release|Any CPU
	EndGlobalSection
	GlobalSection(ProjectConfigurationPlatforms) = postSolution
		{C31584B4-C829-42D1-8A32-66330C8048E0}.Debug|Any CPU.ActiveCfg = Debug|Any CPU
		{C31584B4-C829-42D1-8A32-66330C8048E0}.Debug|Any CPU.Build.0 = Debug|Any CPU
		{C31584B4-C829-42D1-8A32-66330C8048E0}.Release|Any CPU.ActiveCfg = Release|Any CPU
		{C31584B4-C829-42D1-8A32-66330C8048E0}.Release|Any CPU.Build.0 = Release|Any CPU
		{FF2E6FF8-2250-4B19-AD69-07A2C17BE954}.Debug|Any CPU.ActiveCfg = Debug|Any CPU
		{FF2E6FF8-2250-4B19-AD69-07A2C17BE954}.Debug|Any CPU.Build.0 = Debug|Any CPU
		{FF2E6FF8-2250-4B19-AD69-07A2C17BE954}.Release|Any CPU.ActiveCfg = Release|Any CPU
		{FF2E6FF8-2250-4B19-AD69-07A2C17BE954}.Release|Any CPU.Build.0 = Release|Any CPU
	EndGlobalSection
	GlobalSection(SolutionProperties) = preSolution
		HideSolutionNode = FALSE
	EndGlobalSection
	GlobalSection(ExtensibilityGlobals) = postSolution
		SolutionGuid = {EC1CC9D0-DDC5-4CDB-8745-6AF096589A0D}
	EndGlobalSection
EndGlobal
